
Microsoft Visual Studio Solution File, Format Version 12.00
# Visual Studio Version 16
VisualStudioVersion = 16.0.30204.135
MinimumVisualStudioVersion = 10.0.40219.1
Project("{FAE04EC0-301F-11D3-BF4B-00C04F79EFBC}") = "TestCarWash", "TestCarWash.csproj", "{E942CEE6-16D7-44D7-8E4A-D4236BE5C408}"
EndProject
Global
	GlobalSection(SolutionConfigurationPlatforms) = preSolution
		Debug|Any CPU = Debug|Any CPU
		Release|Any CPU = Release|Any CPU
	EndGlobalSection
	GlobalSection(ProjectConfigurationPlatforms) = postSolution
		{E942CEE6-16D7-44D7-8E4A-D4236BE5C408}.Debug|Any CPU.ActiveCfg = Debug|Any CPU
		{E942CEE6-16D7-44D7-8E4A-D4236BE5C408}.Debug|Any CPU.Build.0 = Debug|Any CPU
		{E942CEE6-16D7-44D7-8E4A-D4236BE5C408}.Release|Any CPU.ActiveCfg = Release|Any CPU
		{E942CEE6-16D7-44D7-8E4A-D4236BE5C408}.Release|Any CPU.Build.0 = Release|Any CPU
	EndGlobalSection
	GlobalSection(SolutionProperties) = preSolution
		HideSolutionNode = FALSE
	EndGlobalSection
	GlobalSection(ExtensibilityGlobals) = postSolution
		SolutionGuid = {9F5738A9-361D-42BF-8494-39EFEFE52269}
	EndGlobalSection
EndGlobal
